{
  "name": "MERN-AUTH-master",
  "lockfileVersion": 3,
  "requires": true,
  "packages": {
    "": {
      "name": "MERN-AUTH-master",
      "dependencies": {
        "MERN-AUTH-master": "file:"
      }
    },
    "node_modules/MERN-AUTH-master": {
      "resolved": "",
      "link": true
    }
  }
}
